// !$*UTF8*$!
{
	archiveVersion = 1;
	classes = {
	};
	objectVersion = 48;
	objects = {

/* Begin PBXBuildFile section */
		B3A75D1E203C850000A77696 /* GreenViewController.swift in Sources */ = {isa = PBXBuildFile; fileRef = B3A75D1C203C850000A77696 /* GreenViewController.swift */; };
		B3A75D1F203C850000A77696 /* GreenViewController.xib in Resources */ = {isa = PBXBuildFile; fileRef = B3A75D1D203C850000A77696 /* GreenViewController.xib */; };
		B3A75D21203C858800A77696 /* green.jpg in Resources */ = {isa = PBXBuildFile; fileRef = B3A75D20203C858800A77696 /* green.jpg */; };
		B54142AD203B7C82009DE1C7 /* AppDelegate.swift in Sources */ = {isa = PBXBuildFile; fileRef = B54142AC203B7C82009DE1C7 /* AppDelegate.swift */; };
		B54142B4203B7C82009DE1C7 /* Assets.xcassets in Resources */ = {isa = PBXBuildFile; fileRef = B54142B3203B7C82009DE1C7 /* Assets.xcassets */; };
		B5447BDA203F3F9900CD0D7B /* LaunchScreen.storyboard in Resources */ = {isa = PBXBuildFile; fileRef = B5447BD9203F3F9900CD0D7B /* LaunchScreen.storyboard */; };
		B5447BDF203F41A200CD0D7B /* RedViewController.swift in Sources */ = {isa = PBXBuildFile; fileRef = B5447BDD203F41A200CD0D7B /* RedViewController.swift */; };
		B5447BE0203F41A200CD0D7B /* RedViewController.xib in Resources */ = {isa = PBXBuildFile; fileRef = B5447BDE203F41A200CD0D7B /* RedViewController.xib */; };
		B5447BE4203F452E00CD0D7B /* YellowViewController.swift in Sources */ = {isa = PBXBuildFile; fileRef = B5447BE2203F452E00CD0D7B /* YellowViewController.swift */; };
		B5447BE5203F452E00CD0D7B /* YellowViewController.xib in Resources */ = {isa = PBXBuildFile; fileRef = B5447BE3203F452E00CD0D7B /* YellowViewController.xib */; };
		B5447BE7203F496900CD0D7B /* yellow.jpg in Resources */ = {isa = PBXBuildFile; fileRef = B5447BE6203F496900CD0D7B /* yellow.jpg */; };
		B5447BE9203F4B4A00CD0D7B /* Jigoku Tsuushin.jpg in Resources */ = {isa = PBXBuildFile; fileRef = B5447BE8203F4B4900CD0D7B /* Jigoku Tsuushin.jpg */; };
		C028EBE9203CE000007445F0 /* Japanese-White-Dog.jpeg in Resources */ = {isa = PBXBuildFile; fileRef = C028EBE8203CDFFF007445F0 /* Japanese-White-Dog.jpeg */; };
		C028EBF0203CE2B1007445F0 /* BlackViewController.swift in Sources */ = {isa = PBXBuildFile; fileRef = C028EBEE203CE2B1007445F0 /* BlackViewController.swift */; };
		C028EBF1203CE2B1007445F0 /* BlackViewController.xib in Resources */ = {isa = PBXBuildFile; fileRef = C028EBEF203CE2B1007445F0 /* BlackViewController.xib */; };
		C028EBF5203CE585007445F0 /* black.jpg in Resources */ = {isa = PBXBuildFile; fileRef = C028EBF4203CE585007445F0 /* black.jpg */; };
		C0A8E12F203CB21F0054F646 /* WhiteViewController.swift in Sources */ = {isa = PBXBuildFile; fileRef = C0A8E12D203CB21F0054F646 /* WhiteViewController.swift */; };
		C0A8E130203CB21F0054F646 /* WhiteViewController.xib in Resources */ = {isa = PBXBuildFile; fileRef = C0A8E12E203CB21F0054F646 /* WhiteViewController.xib */; };
		C0DF6329203F3586002E071F /* BlueViewController.swift in Sources */ = {isa = PBXBuildFile; fileRef = C0DF6327203F3586002E071F /* BlueViewController.swift */; };
		C0DF632A203F3586002E071F /* BlueViewController.xib in Resources */ = {isa = PBXBuildFile; fileRef = C0DF6328203F3586002E071F /* BlueViewController.xib */; };
		C0DF632E203F360E002E071F /* BLUE.jpg in Resources */ = {isa = PBXBuildFile; fileRef = C0DF632D203F360E002E071F /* BLUE.jpg */; };
/* End PBXBuildFile section */

/* Begin PBXFileReference section */
		B3A75D1C203C850000A77696 /* GreenViewController.swift */ = {isa = PBXFileReference; lastKnownFileType = sourcecode.swift; path = GreenViewController.swift; sourceTree = "<group>"; };
		B3A75D1D203C850000A77696 /* GreenViewController.xib */ = {isa = PBXFileReference; lastKnownFileType = file.xib; path = GreenViewController.xib; sourceTree = "<group>"; };
		B3A75D20203C858800A77696 /* green.jpg */ = {isa = PBXFileReference; lastKnownFileType = image.jpeg; path = green.jpg; sourceTree = "<group>"; };
		B54142A9203B7C82009DE1C7 /* ColorViews.app */ = {isa = PBXFileReference; explicitFileType = wrapper.application; includeInIndex = 0; path = ColorViews.app; sourceTree = BUILT_PRODUCTS_DIR; };
		B54142AC203B7C82009DE1C7 /* AppDelegate.swift */ = {isa = PBXFileReference; lastKnownFileType = sourcecode.swift; path = AppDelegate.swift; sourceTree = "<group>"; };
		B54142B3203B7C82009DE1C7 /* Assets.xcassets */ = {isa = PBXFileReference; lastKnownFileType = folder.assetcatalog; path = Assets.xcassets; sourceTree = "<group>"; };
		B54142B8203B7C82009DE1C7 /* Info.plist */ = {isa = PBXFileReference; lastKnownFileType = text.plist.xml; path = Info.plist; sourceTree = "<group>"; };
		B5447BD9203F3F9900CD0D7B /* LaunchScreen.storyboard */ = {isa = PBXFileReference; lastKnownFileType = file.storyboard; path = LaunchScreen.storyboard; sourceTree = "<group>"; };
		B5447BDD203F41A200CD0D7B /* RedViewController.swift */ = {isa = PBXFileReference; lastKnownFileType = sourcecode.swift; path = RedViewController.swift; sourceTree = "<group>"; };
		B5447BDE203F41A200CD0D7B /* RedViewController.xib */ = {isa = PBXFileReference; lastKnownFileType = file.xib; path = RedViewController.xib; sourceTree = "<group>"; };
		B5447BE2203F452E00CD0D7B /* YellowViewController.swift */ = {isa = PBXFileReference; lastKnownFileType = sourcecode.swift; path = YellowViewController.swift; sourceTree = "<group>"; };
		B5447BE3203F452E00CD0D7B /* YellowViewController.xib */ = {isa = PBXFileReference; lastKnownFileType = file.xib; path = YellowViewController.xib; sourceTree = "<group>"; };
		B5447BE6203F496900CD0D7B /* yellow.jpg */ = {isa = PBXFileReference; lastKnownFileType = image.jpeg; path = yellow.jpg; sourceTree = "<group>"; };
		B5447BE8203F4B4900CD0D7B /* Jigoku Tsuushin.jpg */ = {isa = PBXFileReference; lastKnownFileType = image.jpeg; path = "Jigoku Tsuushin.jpg"; sourceTree = "<group>"; };
		C028EBE8203CDFFF007445F0 /* Japanese-White-Dog.jpeg */ = {isa = PBXFileReference; lastKnownFileType = image.jpeg; path = "Japanese-White-Dog.jpeg"; sourceTree = "<group>"; };
		C028EBEE203CE2B1007445F0 /* BlackViewController.swift */ = {isa = PBXFileReference; lastKnownFileType = sourcecode.swift; path = BlackViewController.swift; sourceTree = "<group>"; };
		C028EBEF203CE2B1007445F0 /* BlackViewController.xib */ = {isa = PBXFileReference; lastKnownFileType = file.xib; path = BlackViewController.xib; sourceTree = "<group>"; };
		C028EBF4203CE585007445F0 /* black.jpg */ = {isa = PBXFileReference; lastKnownFileType = image.jpeg; path = black.jpg; sourceTree = "<group>"; };
		C0A8E12D203CB21F0054F646 /* WhiteViewController.swift */ = {isa = PBXFileReference; lastKnownFileType = sourcecode.swift; path = WhiteViewController.swift; sourceTree = "<group>"; };
		C0A8E12E203CB21F0054F646 /* WhiteViewController.xib */ = {isa = PBXFileReference; lastKnownFileType = file.xib; path = WhiteViewController.xib; sourceTree = "<group>"; };
		C0DF6327203F3586002E071F /* BlueViewController.swift */ = {isa = PBXFileReference; lastKnownFileType = sourcecode.swift; path = BlueViewController.swift; sourceTree = "<group>"; };
		C0DF6328203F3586002E071F /* BlueViewController.xib */ = {isa = PBXFileReference; lastKnownFileType = file.xib; path = BlueViewController.xib; sourceTree = "<group>"; };
		C0DF632D203F360E002E071F /* BLUE.jpg */ = {isa = PBXFileReference; lastKnownFileType = image.jpeg; path = BLUE.jpg; sourceTree = "<group>"; };
/* End PBXFileReference section */

/* Begin PBXFrameworksBuildPhase section */
		B54142A6203B7C82009DE1C7 /* Frameworks */ = {
			isa = PBXFrameworksBuildPhase;
			buildActionMask = 2147483647;
			files = (
			);
			runOnlyForDeploymentPostprocessing = 0;
		};
/* End PBXFrameworksBuildPhase section */

/* Begin PBXGroup section */
		B54142A0203B7C82009DE1C7 = {
			isa = PBXGroup;
			children = (
				B54142AB203B7C82009DE1C7 /* ColorViews */,
				B54142AA203B7C82009DE1C7 /* Products */,
			);
			sourceTree = "<group>";
		};
		B54142AA203B7C82009DE1C7 /* Products */ = {
			isa = PBXGroup;
			children = (
				B54142A9203B7C82009DE1C7 /* ColorViews.app */,
			);
			name = Products;
			sourceTree = "<group>";
		};
		B54142AB203B7C82009DE1C7 /* ColorViews */ = {
			isa = PBXGroup;
			children = (
				B54142C0203B7DDF009DE1C7 /* Controller */,
				B54142BF203B7DD4009DE1C7 /* View */,
				B54142BE203B7DC9009DE1C7 /* Model */,
				B5447BE1203F41B900CD0D7B /* ColorBackgrounds */,
				B54142B3203B7C82009DE1C7 /* Assets.xcassets */,
				B54142AC203B7C82009DE1C7 /* AppDelegate.swift */,
				B54142B8203B7C82009DE1C7 /* Info.plist */,
				B5447BD9203F3F9900CD0D7B /* LaunchScreen.storyboard */,
			);
			path = ColorViews;
			sourceTree = "<group>";
		};
		B54142BE203B7DC9009DE1C7 /* Model */ = {
			isa = PBXGroup;
			children = (
			);
			path = Model;
			sourceTree = "<group>";
		};
		B54142BF203B7DD4009DE1C7 /* View */ = {
			isa = PBXGroup;
			children = (
				B3A75D1D203C850000A77696 /* GreenViewController.xib */,
				B5447BE3203F452E00CD0D7B /* YellowViewController.xib */,
				C0A8E12E203CB21F0054F646 /* WhiteViewController.xib */,
				C028EBEF203CE2B1007445F0 /* BlackViewController.xib */,
				C0DF6328203F3586002E071F /* BlueViewController.xib */,
				B5447BDE203F41A200CD0D7B /* RedViewController.xib */,
			);
			path = View;
			sourceTree = "<group>";
		};
		B54142C0203B7DDF009DE1C7 /* Controller */ = {
			isa = PBXGroup;
			children = (
				B3A75D1C203C850000A77696 /* GreenViewController.swift */,
				B5447BE2203F452E00CD0D7B /* YellowViewController.swift */,
				C0A8E12D203CB21F0054F646 /* WhiteViewController.swift */,
				C028EBEE203CE2B1007445F0 /* BlackViewController.swift */,
				C0DF6327203F3586002E071F /* BlueViewController.swift */,
				B5447BDD203F41A200CD0D7B /* RedViewController.swift */,
			);
			path = Controller;
			sourceTree = "<group>";
		};
		B5447BE1203F41B900CD0D7B /* ColorBackgrounds */ = {
			isa = PBXGroup;
			children = (
				C028EBF4203CE585007445F0 /* black.jpg */,
				B5447BE6203F496900CD0D7B /* yellow.jpg */,
				B3A75D20203C858800A77696 /* green.jpg */,
				C028EBE8203CDFFF007445F0 /* Japanese-White-Dog.jpeg */,
				C0DF632D203F360E002E071F /* BLUE.jpg */,
				B5447BE8203F4B4900CD0D7B /* Jigoku Tsuushin.jpg */,
			);
			path = ColorBackgrounds;
			sourceTree = "<group>";
		};
/* End PBXGroup section */

/* Begin PBXNativeTarget section */
		B54142A8203B7C82009DE1C7 /* ColorViews */ = {
			isa = PBXNativeTarget;
			buildConfigurationList = B54142BB203B7C82009DE1C7 /* Build configuration list for PBXNativeTarget "ColorViews" */;
			buildPhases = (
				B54142A5203B7C82009DE1C7 /* Sources */,
				B54142A6203B7C82009DE1C7 /* Frameworks */,
				B54142A7203B7C82009DE1C7 /* Resources */,
			);
			buildRules = (
			);
			dependencies = (
			);
			name = ColorViews;
			productName = ColorViews;
			productReference = B54142A9203B7C82009DE1C7 /* ColorViews.app */;
			productType = "com.apple.product-type.application";
		};
/* End PBXNativeTarget section */

/* Begin PBXProject section */
		B54142A1203B7C82009DE1C7 /* Project object */ = {
			isa = PBXProject;
			attributes = {
				LastSwiftUpdateCheck = 0920;
				LastUpgradeCheck = 0920;
				ORGANIZATIONNAME = "Benjamín";
				TargetAttributes = {
					B54142A8203B7C82009DE1C7 = {
						CreatedOnToolsVersion = 9.2;
						ProvisioningStyle = Automatic;
					};
				};
			};
			buildConfigurationList = B54142A4203B7C82009DE1C7 /* Build configuration list for PBXProject "ColorViews" */;
			compatibilityVersion = "Xcode 8.0";
			developmentRegion = en;
			hasScannedForEncodings = 0;
			knownRegions = (
				en,
				Base,
			);
			mainGroup = B54142A0203B7C82009DE1C7;
			productRefGroup = B54142AA203B7C82009DE1C7 /* Products */;
			projectDirPath = "";
			projectRoot = "";
			targets = (
				B54142A8203B7C82009DE1C7 /* ColorViews */,
			);
		};
/* End PBXProject section */

/* Begin PBXResourcesBuildPhase section */
		B54142A7203B7C82009DE1C7 /* Resources */ = {
			isa = PBXResourcesBuildPhase;
			buildActionMask = 2147483647;
			files = (
				B5447BE0203F41A200CD0D7B /* RedViewController.xib in Resources */,
				C028EBF1203CE2B1007445F0 /* BlackViewController.xib in Resources */,
				C028EBF5203CE585007445F0 /* black.jpg in Resources */,
				C028EBE9203CE000007445F0 /* Japanese-White-Dog.jpeg in Resources */,
				B5447BE5203F452E00CD0D7B /* YellowViewController.xib in Resources */,
				B3A75D21203C858800A77696 /* green.jpg in Resources */,
				C0A8E130203CB21F0054F646 /* WhiteViewController.xib in Resources */,
				B5447BDA203F3F9900CD0D7B /* LaunchScreen.storyboard in Resources */,
				C0DF632A203F3586002E071F /* BlueViewController.xib in Resources */,
				B5447BE7203F496900CD0D7B /* yellow.jpg in Resources */,
				C0DF632E203F360E002E071F /* BLUE.jpg in Resources */,
				B54142B4203B7C82009DE1C7 /* Assets.xcassets in Resources */,
				B5447BE9203F4B4A00CD0D7B /* Jigoku Tsuushin.jpg in Resources */,
				B3A75D1F203C850000A77696 /* GreenViewController.xib in Resources */,
			);
			runOnlyForDeploymentPostprocessing = 0;
		};
/* End PBXResourcesBuildPhase section */

/* Begin PBXSourcesBuildPhase section */
		B54142A5203B7C82009DE1C7 /* Sources */ = {
			isa = PBXSourcesBuildPhase;
			buildActionMask = 2147483647;
			files = (
				B5447BDF203F41A200CD0D7B /* RedViewController.swift in Sources */,
				C0A8E12F203CB21F0054F646 /* WhiteViewController.swift in Sources */,
				B54142AD203B7C82009DE1C7 /* AppDelegate.swift in Sources */,
				B5447BE4203F452E00CD0D7B /* YellowViewController.swift in Sources */,
				C028EBF0203CE2B1007445F0 /* BlackViewController.swift in Sources */,
				C0DF6329203F3586002E071F /* BlueViewController.swift in Sources */,
				B3A75D1E203C850000A77696 /* GreenViewController.swift in Sources */,
			);
			runOnlyForDeploymentPostprocessing = 0;
		};
/* End PBXSourcesBuildPhase section */

/* Begin XCBuildConfiguration section */
		B54142B9203B7C82009DE1C7 /* Debug */ = {
			isa = XCBuildConfiguration;
			buildSettings = {
				ALWAYS_SEARCH_USER_PATHS = NO;
				CLANG_ANALYZER_NONNULL = YES;
				CLANG_ANALYZER_NUMBER_OBJECT_CONVERSION = YES_AGGRESSIVE;
				CLANG_CXX_LANGUAGE_STANDARD = "gnu++14";
				CLANG_CXX_LIBRARY = "libc++";
				CLANG_ENABLE_MODULES = YES;
				CLANG_ENABLE_OBJC_ARC = YES;
				CLANG_WARN_BLOCK_CAPTURE_AUTORELEASING = YES;
				CLANG_WARN_BOOL_CONVERSION = YES;
				CLANG_WARN_COMMA = YES;
				CLANG_WARN_CONSTANT_CONVERSION = YES;
				CLANG_WARN_DIRECT_OBJC_ISA_USAGE = YES_ERROR;
				CLANG_WARN_DOCUMENTATION_COMMENTS = YES;
				CLANG_WARN_EMPTY_BODY = YES;
				CLANG_WARN_ENUM_CONVERSION = YES;
				CLANG_WARN_INFINITE_RECURSION = YES;
				CLANG_WARN_INT_CONVERSION = YES;
				CLANG_WARN_NON_LITERAL_NULL_CONVERSION = YES;
				CLANG_WARN_OBJC_LITERAL_CONVERSION = YES;
				CLANG_WARN_OBJC_ROOT_CLASS = YES_ERROR;
				CLANG_WARN_RANGE_LOOP_ANALYSIS = YES;
				CLANG_WARN_STRICT_PROTOTYPES = YES;
				CLANG_WARN_SUSPICIOUS_MOVE = YES;
				CLANG_WARN_UNGUARDED_AVAILABILITY = YES_AGGRESSIVE;
				CLANG_WARN_UNREACHABLE_CODE = YES;
				CLANG_WARN__DUPLICATE_METHOD_MATCH = YES;
				CODE_SIGN_IDENTITY = "iPhone Developer";
				COPY_PHASE_STRIP = NO;
				DEBUG_INFORMATION_FORMAT = dwarf;
				ENABLE_STRICT_OBJC_MSGSEND = YES;
				ENABLE_TESTABILITY = YES;
				GCC_C_LANGUAGE_STANDARD = gnu11;
				GCC_DYNAMIC_NO_PIC = NO;
				GCC_NO_COMMON_BLOCKS = YES;
				GCC_OPTIMIZATION_LEVEL = 0;
				GCC_PREPROCESSOR_DEFINITIONS = (
					"DEBUG=1",
					"$(inherited)",
				);
				GCC_WARN_64_TO_32_BIT_CONVERSION = YES;
				GCC_WARN_ABOUT_RETURN_TYPE = YES_ERROR;
				GCC_WARN_UNDECLARED_SELECTOR = YES;
				GCC_WARN_UNINITIALIZED_AUTOS = YES_AGGRESSIVE;
				GCC_WARN_UNUSED_FUNCTION = YES;
				GCC_WARN_UNUSED_VARIABLE = YES;
				IPHONEOS_DEPLOYMENT_TARGET = 11.2;
				MTL_ENABLE_DEBUG_INFO = YES;
				ONLY_ACTIVE_ARCH = YES;
				SDKROOT = iphoneos;
				SWIFT_ACTIVE_COMPILATION_CONDITIONS = DEBUG;
				SWIFT_OPTIMIZATION_LEVEL = "-Onone";
			};
			name = Debug;
		};
		B54142BA203B7C82009DE1C7 /* Release */ = {
			isa = XCBuildConfiguration;
			buildSettings = {
				ALWAYS_SEARCH_USER_PATHS = NO;
				CLANG_ANALYZER_NONNULL = YES;
				CLANG_ANALYZER_NUMBER_OBJECT_CONVERSION = YES_AGGRESSIVE;
				CLANG_CXX_LANGUAGE_STANDARD = "gnu++14";
				CLANG_CXX_LIBRARY = "libc++";
				CLANG_ENABLE_MODULES = YES;
				CLANG_ENABLE_OBJC_ARC = YES;
				CLANG_WARN_BLOCK_CAPTURE_AUTORELEASING = YES;
				CLANG_WARN_BOOL_CONVERSION = YES;
				CLANG_WARN_COMMA = YES;
				CLANG_WARN_CONSTANT_CONVERSION = YES;
				CLANG_WARN_DIRECT_OBJC_ISA_USAGE = YES_ERROR;
				CLANG_WARN_DOCUMENTATION_COMMENTS = YES;
				CLANG_WARN_EMPTY_BODY = YES;
				CLANG_WARN_ENUM_CONVERSION = YES;
				CLANG_WARN_INFINITE_RECURSION = YES;
				CLANG_WARN_INT_CONVERSION = YES;
				CLANG_WARN_NON_LITERAL_NULL_CONVERSION = YES;
				CLANG_WARN_OBJC_LITERAL_CONVERSION = YES;
				CLANG_WARN_OBJC_ROOT_CLASS = YES_ERROR;
				CLANG_WARN_RANGE_LOOP_ANALYSIS = YES;
				CLANG_WARN_STRICT_PROTOTYPES = YES;
				CLANG_WARN_SUSPICIOUS_MOVE = YES;
				CLANG_WARN_UNGUARDED_AVAILABILITY = YES_AGGRESSIVE;
				CLANG_WARN_UNREACHABLE_CODE = YES;
				CLANG_WARN__DUPLICATE_METHOD_MATCH = YES;
				CODE_SIGN_IDENTITY = "iPhone Developer";
				COPY_PHASE_STRIP = NO;
				DEBUG_INFORMATION_FORMAT = "dwarf-with-dsym";
				ENABLE_NS_ASSERTIONS = NO;
				ENABLE_STRICT_OBJC_MSGSEND = YES;
				GCC_C_LANGUAGE_STANDARD = gnu11;
				GCC_NO_COMMON_BLOCKS = YES;
				GCC_WARN_64_TO_32_BIT_CONVERSION = YES;
				GCC_WARN_ABOUT_RETURN_TYPE = YES_ERROR;
				GCC_WARN_UNDECLARED_SELECTOR = YES;
				GCC_WARN_UNINITIALIZED_AUTOS = YES_AGGRESSIVE;
				GCC_WARN_UNUSED_FUNCTION = YES;
				GCC_WARN_UNUSED_VARIABLE = YES;
				IPHONEOS_DEPLOYMENT_TARGET = 11.2;
				MTL_ENABLE_DEBUG_INFO = NO;
				SDKROOT = iphoneos;
				SWIFT_OPTIMIZATION_LEVEL = "-Owholemodule";
				VALIDATE_PRODUCT = YES;
			};
			name = Release;
		};
		B54142BC203B7C82009DE1C7 /* Debug */ = {
			isa = XCBuildConfiguration;
			buildSettings = {
				ASSETCATALOG_COMPILER_APPICON_NAME = AppIcon;
				CODE_SIGN_STYLE = Automatic;
				INFOPLIST_FILE = ColorViews/Info.plist;
				LD_RUNPATH_SEARCH_PATHS = "$(inherited) @executable_path/Frameworks";
				PRODUCT_BUNDLE_IDENTIFIER = Prueba.ColorViews;
				PRODUCT_NAME = "$(TARGET_NAME)";
				SWIFT_VERSION = 4.0;
				TARGETED_DEVICE_FAMILY = "1,2";
			};
			name = Debug;
		};
		B54142BD203B7C82009DE1C7 /* Release */ = {
			isa = XCBuildConfiguration;
			buildSettings = {
				ASSETCATALOG_COMPILER_APPICON_NAME = AppIcon;
				CODE_SIGN_STYLE = Automatic;
				INFOPLIST_FILE = ColorViews/Info.plist;
				LD_RUNPATH_SEARCH_PATHS = "$(inherited) @executable_path/Frameworks";
				PRODUCT_BUNDLE_IDENTIFIER = Prueba.ColorViews;
				PRODUCT_NAME = "$(TARGET_NAME)";
				SWIFT_VERSION = 4.0;
				TARGETED_DEVICE_FAMILY = "1,2";
			};
			name = Release;
		};
/* End XCBuildConfiguration section */

/* Begin XCConfigurationList section */
		B54142A4203B7C82009DE1C7 /* Build configuration list for PBXProject "ColorViews" */ = {
			isa = XCConfigurationList;
			buildConfigurations = (
				B54142B9203B7C82009DE1C7 /* Debug */,
				B54142BA203B7C82009DE1C7 /* Release */,
			);
			defaultConfigurationIsVisible = 0;
			defaultConfigurationName = Release;
		};
		B54142BB203B7C82009DE1C7 /* Build configuration list for PBXNativeTarget "ColorViews" */ = {
			isa = XCConfigurationList;
			buildConfigurations = (
				B54142BC203B7C82009DE1C7 /* Debug */,
				B54142BD203B7C82009DE1C7 /* Release */,
			);
			defaultConfigurationIsVisible = 0;
			defaultConfigurationName = Release;
		};
/* End XCConfigurationList section */
	};
	rootObject = B54142A1203B7C82009DE1C7 /* Project object */;
}
